
Microsoft Visual Studio Solution File, Format Version 12.00
# Visual Studio Version 17
VisualStudioVersion = 17.11.35327.3
MinimumVisualStudioVersion = 10.0.40219.1
Project("{FAE04EC0-301F-11D3-BF4B-00C04F79EFBC}") = "SmartRMS.Api", "SmartRMS.Api\SmartRMS.Api.csproj", "{4AFCCE71-76B0-4CEB-B045-3DADB135D7C3}"
EndProject
Project("{FAE04EC0-301F-11D3-BF4B-00C04F79EFBC}") = "SmartRMS.Model", "SmartRMS.Model\SmartRMS.Model.csproj", "{275066BB-4C2E-4F9B-827D-D835FEC4B009}"
EndProject
Global
	GlobalSection(SolutionConfigurationPlatforms) = preSolution
		Debug|Any CPU = Debug|Any CPU
		Release|Any CPU = Release|Any CPU
	EndGlobalSection
	GlobalSection(ProjectConfigurationPlatforms) = postSolution
		{4AFCCE71-76B0-4CEB-B045-3DADB135D7C3}.Debug|Any CPU.ActiveCfg = Debug|Any CPU
		{4AFCCE71-76B0-4CEB-B045-3DADB135D7C3}.Debug|Any CPU.Build.0 = Debug|Any CPU
		{4AFCCE71-76B0-4CEB-B045-3DADB135D7C3}.Release|Any CPU.ActiveCfg = Release|Any CPU
		{4AFCCE71-76B0-4CEB-B045-3DADB135D7C3}.Release|Any CPU.Build.0 = Release|Any CPU
		{275066BB-4C2E-4F9B-827D-D835FEC4B009}.Debug|Any CPU.ActiveCfg = Debug|Any CPU
		{275066BB-4C2E-4F9B-827D-D835FEC4B009}.Debug|Any CPU.Build.0 = Debug|Any CPU
		{275066BB-4C2E-4F9B-827D-D835FEC4B009}.Release|Any CPU.ActiveCfg = Release|Any CPU
		{275066BB-4C2E-4F9B-827D-D835FEC4B009}.Release|Any CPU.Build.0 = Release|Any CPU
	EndGlobalSection
	GlobalSection(SolutionProperties) = preSolution
		HideSolutionNode = FALSE
	EndGlobalSection
	GlobalSection(ExtensibilityGlobals) = postSolution
		SolutionGuid = {7DF31B85-8E66-4EA2-9B4C-2A5AFEBC705C}
	EndGlobalSection
EndGlobal
